{
  "name": "live-forum-server",
  "version": "0.1.0",
  "lockfileVersion": 1,
  "requires": true,
  "dependencies": {
    "@types/events": {
      "version": "1.1.0",
      "resolved": "https://registry.npmjs.org/@types/events/-/events-1.1.0.tgz",
      "integrity": "sha512-y3bR98mzYOo0pAZuiLari+cQyiKk3UXRuT45h1RjhfeCzqkjaVsfZJNaxdgtk7/3tzOm1ozLTqEqMP3VbI48jw=="
    },
    "@types/geojson": {
      "version": "1.0.4",
      "resolved": "https://registry.npmjs.org/@types/geojson/-/geojson-1.0.4.tgz",
      "integrity": "sha512-idP+xKlqFG1egc5M52mDat/Z0VMrwY93LCd81dzW/IjeTIYTMWuzVu+fBf19QK/mX9K7jM2UNN5nzDRgM950GA=="
    },
    "@types/node": {
      "version": "8.0.54",
      "resolved": "https://registry.npmjs.org/@types/node/-/node-8.0.54.tgz",
      "integrity": "sha512-qetMdTv3Ytz9u9ESLdcYs45LPI0mczYZIbC184n7kY0jczOqPNQsabBfVCh+na3B2shAfvC459JqHV771A8Rxg==",
      "requires": {
        "@types/events": "1.1.0"
      }
    },
    "bluebird": {
      "version": "3.5.1",
      "resolved": "https://registry.npmjs.org/bluebird/-/bluebird-3.5.1.tgz",
      "integrity": "sha512-MKiLiV+I1AA596t9w1sQJ8jkiSr5+ZKi0WKrYGUn6d1Fx+Ij4tIj+m2WMQSGczs5jZVxV339chE8iwk6F64wjA=="
    },
    "cls-bluebird": {
      "version": "2.0.1",
      "resolved": "https://registry.npmjs.org/cls-bluebird/-/cls-bluebird-2.0.1.tgz",
      "integrity": "sha1-wlmkgK4CwOUGE0MHuxPbMERu4uc=",
      "requires": {
        "is-bluebird": "1.0.2",
        "shimmer": "1.1.0"
      }
    },
    "debug": {
      "version": "3.1.0",
      "resolved": "https://registry.npmjs.org/debug/-/debug-3.1.0.tgz",
      "integrity": "sha512-OX8XqP7/1a9cqkxYw2yXss15f26NKWBpDXQd0/uK/KPqdQhxbPa994hnzjcE2VqQpDslf55723cKPUOGSmMY3g==",
      "requires": {
        "ms": "2.0.0"
      }
    },
    "depd": {
      "version": "1.1.1",
      "resolved": "https://registry.npmjs.org/depd/-/depd-1.1.1.tgz",
      "integrity": "sha1-V4O04cRZ8G+lyif5kfPQbnoxA1k="
    },
    "dottie": {
      "version": "2.0.0",
      "resolved": "https://registry.npmjs.org/dottie/-/dottie-2.0.0.tgz",
      "integrity": "sha1-2hkZgci41xPKARXViYzzl8Lw3dA="
    },
    "feathers-commons": {
      "version": "0.8.7",
      "resolved": "https://registry.npmjs.org/feathers-commons/-/feathers-commons-0.8.7.tgz",
      "integrity": "sha1-EcbyW1N3RamD6NYVUtfbiTLVN4I="
    },
    "feathers-errors": {
      "version": "2.9.2",
      "resolved": "https://registry.npmjs.org/feathers-errors/-/feathers-errors-2.9.2.tgz",
      "integrity": "sha512-qwIX97bNW7+1tWVG073+omUA0rCYKJtTtwuzTrrvfrtdr8J8Dk1Fy4iaV9Fa6/YBD5AZu0lsplPE0iu4u/d4GQ==",
      "requires": {
        "debug": "3.1.0"
      }
    },
    "feathers-query-filters": {
      "version": "2.1.2",
      "resolved": "https://registry.npmjs.org/feathers-query-filters/-/feathers-query-filters-2.1.2.tgz",
      "integrity": "sha1-zbGCJNteGcwBQNUoEI4JCNXrBlQ=",
      "requires": {
        "feathers-commons": "0.8.7"
      }
    },
    "feathers-sequelize": {
      "version": "2.3.1",
      "resolved": "https://registry.npmjs.org/feathers-sequelize/-/feathers-sequelize-2.3.1.tgz",
      "integrity": "sha512-8B8ArDXtq0ovAnClKVeGSuJhPHKjVXJBFUyz1IdLx4QsZz/VVh++HIf3JbC38+Lgcjg48FXnNN1P+6FMpPb0+w==",
      "requires": {
        "feathers-commons": "0.8.7",
        "feathers-errors": "2.9.2",
        "feathers-query-filters": "2.1.2",
        "lodash.omit": "4.5.0",
        "sequelize": "4.13.5",
        "uberproto": "1.2.0"
      }
    },
    "generic-pool": {
      "version": "3.2.0",
      "resolved": "https://registry.npmjs.org/generic-pool/-/generic-pool-3.2.0.tgz",
      "integrity": "sha512-JjcXDHT84icN/kFaF5+rNd1trZsgJFVqTSgM9dv6eayxSIQKMq0ilBJ+5pvf0SgimacMlZEsav4oL+4dUE4E2g=="
    },
    "inflection": {
      "version": "1.12.0",
      "resolved": "https://registry.npmjs.org/inflection/-/inflection-1.12.0.tgz",
      "integrity": "sha1-ogCTVlbW9fa8TcdQLhrstwMihBY="
    },
    "is-bluebird": {
      "version": "1.0.2",
      "resolved": "https://registry.npmjs.org/is-bluebird/-/is-bluebird-1.0.2.tgz",
      "integrity": "sha1-CWQ5Bg9KpBGr7hkUOoTWpVNG1uI="
    },
    "lodash": {
      "version": "4.17.4",
      "resolved": "https://registry.npmjs.org/lodash/-/lodash-4.17.4.tgz",
      "integrity": "sha1-eCA6TRwyiuHYbcpkYONptX9AVa4="
    },
    "lodash.omit": {
      "version": "4.5.0",
      "resolved": "https://registry.npmjs.org/lodash.omit/-/lodash.omit-4.5.0.tgz",
      "integrity": "sha1-brGa5aHuHdnfC5aeZs4Lf6MLXmA="
    },
    "moment": {
      "version": "2.19.3",
      "resolved": "https://registry.npmjs.org/moment/-/moment-2.19.3.tgz",
      "integrity": "sha1-vbmdJw1tf9p4zA+6zoVeJ/59pp8="
    },
    "moment-timezone": {
      "version": "0.5.14",
      "resolved": "https://registry.npmjs.org/moment-timezone/-/moment-timezone-0.5.14.tgz",
      "integrity": "sha1-TrOP+VOLgBCLpGekWPPtQmjM/LE=",
      "requires": {
        "moment": "2.19.3"
      }
    },
    "ms": {
      "version": "2.0.0",
      "resolved": "https://registry.npmjs.org/ms/-/ms-2.0.0.tgz",
      "integrity": "sha1-VgiurfwAvmwpAd9fmGF4jeDVl8g="
    },
    "retry-as-promised": {
      "version": "2.3.1",
      "resolved": "https://registry.npmjs.org/retry-as-promised/-/retry-as-promised-2.3.1.tgz",
      "integrity": "sha1-91BZGD+XMHccCbrR7tV1N5McvJ0=",
      "requires": {
        "bluebird": "3.5.1",
        "debug": "2.6.9"
      },
      "dependencies": {
        "debug": {
          "version": "2.6.9",
          "resolved": "https://registry.npmjs.org/debug/-/debug-2.6.9.tgz",
          "integrity": "sha512-bC7ElrdJaJnPbAP+1EotYvqZsb3ecl5wi6Bfi6BJTUcNowp6cvspg0jXznRTKDjm/E7AdgFBVeAPVMNcKGsHMA==",
          "requires": {
            "ms": "2.0.0"
          }
        }
      }
    },
    "semver": {
      "version": "5.4.1",
      "resolved": "https://registry.npmjs.org/semver/-/semver-5.4.1.tgz",
      "integrity": "sha512-WfG/X9+oATh81XtllIo/I8gOiY9EXRdv1cQdyykeXK17YcUW3EXUAi2To4pcH6nZtJPr7ZOpM5OMyWJZm+8Rsg=="
    },
    "sequelize": {
      "version": "4.13.5",
      "resolved": "https://registry.npmjs.org/sequelize/-/sequelize-4.13.5.tgz",
      "integrity": "sha512-0sOQBWYnnzP8pkmo6E4vFHIy5Ye2U3zNHcKo5HCRxdjOXs7G+uybiUd6vRh+Sj0XsBVfhwdADyjf0jmmirUWFA==",
      "requires": {
        "bluebird": "3.5.1",
        "cls-bluebird": "2.0.1",
        "debug": "3.1.0",
        "depd": "1.1.1",
        "dottie": "2.0.0",
        "generic-pool": "3.2.0",
        "inflection": "1.12.0",
        "lodash": "4.17.4",
        "moment": "2.19.3",
        "moment-timezone": "0.5.14",
        "retry-as-promised": "2.3.1",
        "semver": "5.4.1",
        "terraformer-wkt-parser": "1.1.2",
        "toposort-class": "1.0.1",
        "uuid": "3.1.0",
        "validator": "8.2.0",
        "wkx": "0.4.2"
      }
    },
    "shimmer": {
      "version": "1.1.0",
      "resolved": "https://registry.npmjs.org/shimmer/-/shimmer-1.1.0.tgz",
      "integrity": "sha1-l9c3cTf/u6tCVSLkKf4KqJpIizU="
    },
    "terraformer": {
      "version": "1.0.8",
      "resolved": "https://registry.npmjs.org/terraformer/-/terraformer-1.0.8.tgz",
      "integrity": "sha1-UeCtiXRvzyFh3G9lqnDkI3fItZM=",
      "requires": {
        "@types/geojson": "1.0.4"
      }
    },
    "terraformer-wkt-parser": {
      "version": "1.1.2",
      "resolved": "https://registry.npmjs.org/terraformer-wkt-parser/-/terraformer-wkt-parser-1.1.2.tgz",
      "integrity": "sha1-M2oMj8gglKWv+DKI9prt7NNpvww=",
      "requires": {
        "terraformer": "1.0.8"
      }
    },
    "toposort-class": {
      "version": "1.0.1",
      "resolved": "https://registry.npmjs.org/toposort-class/-/toposort-class-1.0.1.tgz",
      "integrity": "sha1-f/0feMi+KMO6Rc1OGj9e4ZO9mYg="
    },
    "uberproto": {
      "version": "1.2.0",
      "resolved": "https://registry.npmjs.org/uberproto/-/uberproto-1.2.0.tgz",
      "integrity": "sha1-YdTqsCT5CcTm6lK+hnxIlKS+63Y="
    },
    "uuid": {
      "version": "3.1.0",
      "resolved": "https://registry.npmjs.org/uuid/-/uuid-3.1.0.tgz",
      "integrity": "sha512-DIWtzUkw04M4k3bf1IcpS2tngXEL26YUD2M0tMDUpnUrz2hgzUBlD55a4FjdLGPvfHxS6uluGWvaVEqgBcVa+g=="
    },
    "validator": {
      "version": "8.2.0",
      "resolved": "https://registry.npmjs.org/validator/-/validator-8.2.0.tgz",
      "integrity": "sha512-Yw5wW34fSv5spzTXNkokD6S6/Oq92d8q/t14TqsS3fAiA1RYnxSFSIZ+CY3n6PGGRCq5HhJTSepQvFUS2QUDxA=="
    },
    "wkx": {
      "version": "0.4.2",
      "resolved": "https://registry.npmjs.org/wkx/-/wkx-0.4.2.tgz",
      "integrity": "sha1-d201pjSlwi5lbkdEvetU+D/Szo0=",
      "requires": {
        "@types/node": "8.0.54"
      }
    }
  }
}
